PODS:
  - Capacitor (5.7.5):
    - CapacitorCordova
  - CapacitorApp (5.0.7):
    - Capacitor
  - CapacitorCordova (5.7.5)
  - CapacitorHaptics (5.0.7):
    - Capacitor
  - CapacitorKeyboard (5.0.8):
    - Capacitor
  - CapacitorStatusBar (5.0.7):
    - Capacitor
  - leveldb-library (1.22.5)
  - PolycentricLeveldbCapacitorPlugin (0.0.6):
    - Capacitor
    - leveldb-library (~> 1.22.5)

DEPENDENCIES:
  - "Capacitor (from `../../../../node_modules/@capacitor/ios`)"
  - "CapacitorApp (from `../../../../node_modules/@capacitor/app`)"
  - "CapacitorCordova (from `../../../../node_modules/@capacitor/ios`)"
  - "CapacitorHaptics (from `../../../../node_modules/@capacitor/haptics`)"
  - "CapacitorKeyboard (from `../../../../node_modules/@capacitor/keyboard`)"
  - "CapacitorStatusBar (from `../../../../node_modules/@capacitor/status-bar`)"
  - PolycentricLeveldbCapacitorPlugin (from `../../../../../leveldb-capacitor-plugin`)

SPEC REPOS:
  trunk:
    - leveldb-library

EXTERNAL SOURCES:
  Capacitor:
    :path: "../../../../node_modules/@capacitor/ios"
  CapacitorApp:
    :path: "../../../../node_modules/@capacitor/app"
  CapacitorCordova:
    :path: "../../../../node_modules/@capacitor/ios"
  CapacitorHaptics:
    :path: "../../../../node_modules/@capacitor/haptics"
  CapacitorKeyboard:
    :path: "../../../../node_modules/@capacitor/keyboard"
  CapacitorStatusBar:
    :path: "../../../../node_modules/@capacitor/status-bar"
  PolycentricLeveldbCapacitorPlugin:
    :path: "../../../../../leveldb-capacitor-plugin"

SPEC CHECKSUMS:
  Capacitor: 7d42085cb786b2d3ea9ac8a17ebd7e3305be7b72
  CapacitorApp: 17fecd0e6cb23feafac7eb0939417389038b0979
  CapacitorCordova: c946a6052b547e1e185fc46862003f7b9130ead1
  CapacitorHaptics: 7c7c206f0c96a628fed073830c96d28c4b2e772e
  CapacitorKeyboard: aec619a578235c6ce279075009a2689c2cf5c42c
  CapacitorStatusBar: f390fbb49b82ffb754ea4b3cf71dc8b048baf3e7
  leveldb-library: e8eadf9008a61f9e1dde3978c086d2b6d9b9dc28
  PolycentricLeveldbCapacitorPlugin: c1f9f655af3fef953c72bf1b32e9dfe788b87206

PODFILE CHECKSUM: e25e89b73f5b7f950a4749fdb529607511ab7cc2

COCOAPODS: 1.15.2
